# This file is automatically @generated by Cargo.
# It is not intended for manual editing.
version = 4

[[package]]
name = "aho-corasick"
version = "1.1.3"
source = "registry+https://github.com/rust-lang/crates.io-index"
checksum = "8e60d3430d3a69478ad0993f19238d2df97c507009a52b3c10addcd7f6bcb916"
dependencies = [
 "memchr",
]

[[package]]
name = "alloc-cortex-m"
version = "0.4.4"
source = "registry+https://github.com/rust-lang/crates.io-index"
checksum = "483c3bd0f9a7bb982b72988f5f173d29687c432d8013c1d3232635e6c0f0a60c"
dependencies = [
 "cortex-m",
 "linked_list_allocator",
]

[[package]]
name = "anyhow"
version = "1.0.99"
source = "registry+https://github.com/rust-lang/crates.io-index"
checksum = "b0674a1ddeecb70197781e945de4b3b8ffb61fa939a5597bcf48503737663100"

[[package]]
name = "autocfg"
version = "1.5.0"
source = "registry+https://github.com/rust-lang/crates.io-index"
checksum = "c08606f8c3cbf4ce6ec8e28fb0014a2c086708fe954eaa885384a6165172e7e8"

[[package]]
name = "bare-metal"
version = "0.2.5"
source = "registry+https://github.com/rust-lang/crates.io-index"
checksum = "5deb64efa5bd81e31fcd1938615a6d98c82eafcbcd787162b6f63b91d6bac5b3"
dependencies = [
 "rustc_version",
]

[[package]]
name = "bare-metal"
version = "1.0.0"
source = "registry+https://github.com/rust-lang/crates.io-index"
checksum = "f8fe8f5a8a398345e52358e18ff07cc17a568fbca5c6f73873d3a62056309603"

[[package]]
name = "bitfield"
version = "0.13.2"
source = "registry+https://github.com/rust-lang/crates.io-index"
checksum = "46afbd2983a5d5a7bd740ccb198caf5b82f45c40c09c0eed36052d91cb92e719"

[[package]]
name = "bitflags"
version = "1.3.2"
source = "registry+https://github.com/rust-lang/crates.io-index"
checksum = "bef38d45163c2f1dde094a7dfd33ccf595c92905c8f8f4fdc18d06fb1037718a"

[[package]]
name = "bitflags"
version = "2.9.3"
source = "registry+https://github.com/rust-lang/crates.io-index"
checksum = "34efbcccd345379ca2868b2b2c9d3782e9cc58ba87bc7d79d5b53d9c9ae6f25d"

[[package]]
name = "byteorder"
version = "1.5.0"
source = "registry+https://github.com/rust-lang/crates.io-index"
checksum = "1fd0f2584146f6f2ef48085050886acf353beff7305ebd1ae69500e27c67f64b"

[[package]]
name = "bytes"
version = "1.10.1"
source = "registry+https://github.com/rust-lang/crates.io-index"
checksum = "d71b6127be86fdcfddb610f7182ac57211d4b18a3e9c82eb2d17662f2227ad6a"

[[package]]
name = "cc"
version = "1.2.34"
source = "registry+https://github.com/rust-lang/crates.io-index"
checksum = "42bc4aea80032b7bf409b0bc7ccad88853858911b7713a8062fdc0623867bedc"
dependencies = [
 "shlex",
]

[[package]]
name = "cfg-if"
version = "1.0.3"
source = "registry+https://github.com/rust-lang/crates.io-index"
checksum = "2fd1289c04a9ea8cb22300a459a72a385d7c73d3259e2ed7dcb2af674838cfa9"

[[package]]
name = "cortex-m"
version = "0.7.7"
source = "registry+https://github.com/rust-lang/crates.io-index"
checksum = "8ec610d8f49840a5b376c69663b6369e71f4b34484b9b2eb29fb918d92516cb9"
dependencies = [
 "bare-metal 0.2.5",
 "bitfield",
 "critical-section",
 "embedded-hal 0.2.7",
 "volatile-register",
]

[[package]]
name = "cortex-m-rt"
version = "0.7.5"
source = "registry+https://github.com/rust-lang/crates.io-index"
checksum = "801d4dec46b34c299ccf6b036717ae0fce602faa4f4fe816d9013b9a7c9f5ba6"
dependencies = [
 "cortex-m-rt-macros",
]

[[package]]
name = "cortex-m-rt-macros"
version = "0.7.5"
source = "registry+https://github.com/rust-lang/crates.io-index"
checksum = "e37549a379a9e0e6e576fd208ee60394ccb8be963889eebba3ffe0980364f472"
dependencies = [
 "proc-macro2",
 "quote",
 "syn",
]

[[package]]
name = "cortex-m-semihosting"
version = "0.5.0"
source = "registry+https://github.com/rust-lang/crates.io-index"
checksum = "c23234600452033cc77e4b761e740e02d2c4168e11dbf36ab14a0f58973592b0"
dependencies = [
 "cortex-m",
]

[[package]]
name = "critical-section"
version = "1.2.0"
source = "registry+https://github.com/rust-lang/crates.io-index"
checksum = "790eea4361631c5e7d22598ecd5723ff611904e3344ce8720784c93e3d83d40b"

[[package]]
name = "defmt"
version = "0.3.100"
source = "registry+https://github.com/rust-lang/crates.io-index"
checksum = "f0963443817029b2024136fc4dd07a5107eb8f977eaf18fcd1fdeb11306b64ad"
dependencies = [
 "defmt 1.0.1",
]

[[package]]
name = "defmt"
version = "1.0.1"
source = "registry+https://github.com/rust-lang/crates.io-index"
checksum = "548d977b6da32fa1d1fda2876453da1e7df63ad0304c8b3dae4dbe7b96f39b78"
dependencies = [
 "bitflags 1.3.2",
 "defmt-macros",
]

[[package]]
name = "defmt-macros"
version = "1.0.1"
source = "registry+https://github.com/rust-lang/crates.io-index"
checksum = "3d4fc12a85bcf441cfe44344c4b72d58493178ce635338a3f3b78943aceb258e"
dependencies = [
 "defmt-parser",
 "proc-macro-error2",
 "proc-macro2",
 "quote",
 "syn",
]

[[package]]
name = "defmt-parser"
version = "1.0.0"
source = "registry+https://github.com/rust-lang/crates.io-index"
checksum = "10d60334b3b2e7c9d91ef8150abfb6fa4c1c39ebbcf4a81c2e346aad939fee3e"
dependencies = [
 "thiserror",
]

[[package]]
name = "defmt-rtt"
version = "0.3.1"
source = "registry+https://github.com/rust-lang/crates.io-index"
checksum = "757110fd3748162dddbea88854529888a7e9e36929058118efe06f9f88d93b64"
dependencies = [
 "cortex-m",
 "defmt 0.3.100",
]

[[package]]
name = "defmt-rtt"
version = "0.4.2"
source = "registry+https://github.com/rust-lang/crates.io-index"
checksum = "c6eca0aae8aa2cf8333200ecbd236274697bc0a394765c858b3d9372eb1abcfa"
dependencies = [
 "critical-section",
 "defmt 0.3.100",
]

[[package]]
name = "deranged"
version = "0.4.0"
source = "registry+https://github.com/rust-lang/crates.io-index"
checksum = "9c9e6a11ca8224451684bc0d7d5a7adbf8f2fd6887261a1cfc3c0432f9d4068e"
dependencies = [
 "powerfmt",
]

[[package]]
name = "document-features"
version = "0.2.11"
source = "registry+https://github.com/rust-lang/crates.io-index"
checksum = "95249b50c6c185bee49034bcb378a49dc2b5dff0be90ff6616d31d64febab05d"
dependencies = [
 "litrs",
]

[[package]]
name = "either"
version = "1.15.0"
source = "registry+https://github.com/rust-lang/crates.io-index"
checksum = "48c757948c5ede0e46177b7add2e67155f70e33c07fea8284df6576da70b3719"

[[package]]
name = "embedded-dma"
version = "0.2.0"
source = "registry+https://github.com/rust-lang/crates.io-index"
checksum = "994f7e5b5cb23521c22304927195f236813053eb9c065dd2226a32ba64695446"
dependencies = [
 "stable_deref_trait",
]

[[package]]
name = "embedded-hal"
version = "0.2.7"
source = "registry+https://github.com/rust-lang/crates.io-index"
checksum = "35949884794ad573cf46071e41c9b60efb0cb311e3ca01f7af807af1debc66ff"
dependencies = [
 "nb 0.1.3",
 "void",
]

[[package]]
name = "embedded-hal"
version = "1.0.0"
source = "registry+https://github.com/rust-lang/crates.io-index"
checksum = "361a90feb7004eca4019fb28352a9465666b24f840f5c3cddf0ff13920590b89"

[[package]]
name = "embedded-hal-async"
version = "1.0.0"
source = "registry+https://github.com/rust-lang/crates.io-index"
checksum = "0c4c685bbef7fe13c3c6dd4da26841ed3980ef33e841cddfa15ce8a8fb3f1884"
dependencies = [
 "embedded-hal 1.0.0",
]

[[package]]
name = "embedded-hal-bus"
version = "0.3.0"
source = "registry+https://github.com/rust-lang/crates.io-index"
checksum = "513e0b3a8fb7d3013a8ae17a834283f170deaf7d0eeab0a7c1a36ad4dd356d22"
dependencies = [
 "critical-section",
 "embedded-hal 1.0.0",
 "embedded-hal-async",
]

[[package]]
name = "embedded-hal-nb"
version = "1.0.0"
source = "registry+https://github.com/rust-lang/crates.io-index"
checksum = "fba4268c14288c828995299e59b12babdbe170f6c6d73731af1b4648142e8605"
dependencies = [
 "embedded-hal 1.0.0",
 "nb 1.1.0",
]

[[package]]
name = "embedded-io"
version = "0.6.1"
source = "registry+https://github.com/rust-lang/crates.io-index"
checksum = "edd0f118536f44f5ccd48bcb8b111bdc3de888b58c74639dfb034a357d0f206d"

[[package]]
name = "embedded-storage"
version = "0.3.1"
source = "registry+https://github.com/rust-lang/crates.io-index"
checksum = "a21dea9854beb860f3062d10228ce9b976da520a73474aed3171ec276bc0c032"

[[package]]
name = "enumflags2"
version = "0.7.12"
source = "registry+https://github.com/rust-lang/crates.io-index"
checksum = "1027f7680c853e056ebcec683615fb6fbbc07dbaa13b4d5d9442b146ded4ecef"
dependencies = [
 "enumflags2_derive",
]

[[package]]
name = "enumflags2_derive"
version = "0.7.12"
source = "registry+https://github.com/rust-lang/crates.io-index"
checksum = "67c78a4d8fdf9953a5c9d458f9efe940fd97a0cab0941c075a813ac594733827"
dependencies = [
 "proc-macro2",
 "quote",
 "syn",
]

[[package]]
name = "equivalent"
version = "1.0.2"
source = "registry+https://github.com/rust-lang/crates.io-index"
checksum = "877a4ace8713b0bcf2a4e7eec82529c029f1d0619886d18145fea96c3ffe5c0f"

[[package]]
name = "errno"
version = "0.3.13"
source = "registry+https://github.com/rust-lang/crates.io-index"
checksum = "778e2ac28f6c47af28e4907f13ffd1e1ddbd400980a9abd7c8df189bf578a5ad"
dependencies = [
 "libc",
 "windows-sys",
]

[[package]]
name = "fastrand"
version = "2.3.0"
source = "registry+https://github.com/rust-lang/crates.io-index"
checksum = "37909eebbb50d72f9059c3b6d82c0463f2ff062c9e95845c43a6c9c0355411be"

[[package]]
name = "fixedbitset"
version = "0.5.7"
source = "registry+https://github.com/rust-lang/crates.io-index"
checksum = "1d674e81391d1e1ab681a28d99df07927c6d4aa5b027d7da16ba32d1d21ecd99"

[[package]]
name = "fugit"
version = "0.3.7"
source = "registry+https://github.com/rust-lang/crates.io-index"
checksum = "17186ad64927d5ac8f02c1e77ccefa08ccd9eaa314d5a4772278aa204a22f7e7"
dependencies = [
 "defmt 0.3.100",
 "gcd",
]

[[package]]
name = "fugit-timer"
version = "0.1.3"
source = "registry+https://github.com/rust-lang/crates.io-index"
checksum = "d9607bfc4c388f9d629704f56ede4a007546cad417b3bcd6fc7c87dc7edce04a"
dependencies = [
 "fugit",
 "nb 1.1.0",
]

[[package]]
name = "futures-core"
version = "0.3.31"
source = "registry+https://github.com/rust-lang/crates.io-index"
checksum = "05f29059c0c2090612e8d742178b0580d2dc940c837851ad723096f87af6663e"

[[package]]
name = "futures-task"
version = "0.3.31"
source = "registry+https://github.com/rust-lang/crates.io-index"
checksum = "f90f7dce0722e95104fcb095585910c0977252f286e354b5e3bd38902cd99988"

[[package]]
name = "futures-util"
version = "0.3.31"
source = "registry+https://github.com/rust-lang/crates.io-index"
checksum = "9fa08315bb612088cc391249efdc3bc77536f16c91f6cf495e6fbe85b20a4a81"
dependencies = [
 "futures-core",
 "futures-task",
 "pin-project-lite",
 "pin-utils",
]

[[package]]
name = "gcd"
version = "2.3.0"
source = "registry+https://github.com/rust-lang/crates.io-index"
checksum = "1d758ba1b47b00caf47f24925c0074ecb20d6dfcffe7f6d53395c0465674841a"

[[package]]
name = "generator"
version = "0.8.7"
source = "registry+https://github.com/rust-lang/crates.io-index"
checksum = "605183a538e3e2a9c1038635cc5c2d194e2ee8fd0d1b66b8349fad7dbacce5a2"
dependencies = [
 "cc",
 "cfg-if",
 "libc",
 "log",
 "rustversion",
 "windows",
]

[[package]]
name = "getrandom"
version = "0.3.3"
source = "registry+https://github.com/rust-lang/crates.io-index"
checksum = "26145e563e54f2cadc477553f1ec5ee650b00862f0a58bcd12cbdc5f0ea2d2f4"
dependencies = [
 "cfg-if",
 "libc",
 "r-efi",
 "wasi",
]

[[package]]
name = "hash32"
version = "0.3.1"
source = "registry+https://github.com/rust-lang/crates.io-index"
checksum = "47d60b12902ba28e2730cd37e95b8c9223af2808df9e902d4df49588d1470606"
dependencies = [
 "byteorder",
]

[[package]]
name = "hashbrown"
version = "0.15.5"
source = "registry+https://github.com/rust-lang/crates.io-index"
checksum = "9229cfe53dfd69f0609a49f65461bd93001ea1ef889cd5529dd176593f5338a1"

[[package]]
name = "heapless"
version = "0.8.0"
source = "registry+https://github.com/rust-lang/crates.io-index"
checksum = "0bfb9eb618601c89945a70e254898da93b13be0388091d42117462b265bb3fad"
dependencies = [
 "hash32",
 "stable_deref_trait",
]

[[package]]
name = "heapless"
version = "0.9.1"
source = "registry+https://github.com/rust-lang/crates.io-index"
checksum = "b1edcd5a338e64688fbdcb7531a846cfd3476a54784dcb918a0844682bc7ada5"
dependencies = [
 "hash32",
 "stable_deref_trait",
]

[[package]]
name = "heck"
version = "0.5.0"
source = "registry+https://github.com/rust-lang/crates.io-index"
checksum = "2304e00983f87ffb38b55b444b5e3b60a884b5d30c0fca7d82fe33449bbe55ea"

[[package]]
name = "indexmap"
version = "2.11.0"
source = "registry+https://github.com/rust-lang/crates.io-index"
checksum = "f2481980430f9f78649238835720ddccc57e52df14ffce1c6f37391d61b563e9"
dependencies = [
 "equivalent",
 "hashbrown",
]

[[package]]
name = "itertools"
version = "0.14.0"
source = "registry+https://github.com/rust-lang/crates.io-index"
checksum = "2b192c782037fadd9cfa75548310488aabdbf3d2da73885b31bd0abd03351285"
dependencies = [
 "either",
]

[[package]]
name = "kiss_encoding"
version = "0.1.0"

[[package]]
name = "lazy_static"
version = "1.5.0"
source = "registry+https://github.com/rust-lang/crates.io-index"
checksum = "bbd2bcb4c963f2ddae06a2efc7e9f3591312473c50c6685e1f298068316e66fe"

[[package]]
name = "libc"
version = "0.2.175"
source = "registry+https://github.com/rust-lang/crates.io-index"
checksum = "6a82ae493e598baaea5209805c49bbf2ea7de956d50d7da0da1164f9c6d28543"

[[package]]
name = "linked_list_allocator"
version = "0.10.5"
source = "registry+https://github.com/rust-lang/crates.io-index"
checksum = "9afa463f5405ee81cdb9cc2baf37e08ec7e4c8209442b5d72c04cfb2cd6e6286"

[[package]]
name = "linux-raw-sys"
version = "0.9.4"
source = "registry+https://github.com/rust-lang/crates.io-index"
checksum = "cd945864f07fe9f5371a27ad7b52a172b4b499999f1d97574c9fa68373937e12"

[[package]]
name = "litrs"
version = "0.4.2"
source = "registry+https://github.com/rust-lang/crates.io-index"
checksum = "f5e54036fe321fd421e10d732f155734c4e4afd610dd556d9a82833ab3ee0bed"

[[package]]
name = "log"
version = "0.4.27"
source = "registry+https://github.com/rust-lang/crates.io-index"
checksum = "13dc2df351e3202783a1fe0d44375f7295ffb4049267b0f3018346dc122a1d94"

[[package]]
name = "loom"
version = "0.7.2"
source = "registry+https://github.com/rust-lang/crates.io-index"
checksum = "419e0dc8046cb947daa77eb95ae174acfbddb7673b4151f56d1eed8e93fbfaca"
dependencies = [
 "cfg-if",
 "generator",
 "pin-utils",
 "scoped-tls",
 "tracing",
 "tracing-subscriber",
]

[[package]]
name = "matchers"
version = "0.1.0"
source = "registry+https://github.com/rust-lang/crates.io-index"
checksum = "8263075bb86c5a1b1427b5ae862e8889656f126e9f77c484496e8b47cf5c5558"
dependencies = [
 "regex-automata 0.1.10",
]

[[package]]
name = "memchr"
version = "2.7.5"
source = "registry+https://github.com/rust-lang/crates.io-index"
checksum = "32a282da65faaf38286cf3be983213fcf1d2e2a58700e808f83f4ea9a4804bc0"

[[package]]
name = "multimap"
version = "0.10.1"
source = "registry+https://github.com/rust-lang/crates.io-index"
checksum = "1d87ecb2933e8aeadb3e3a02b828fed80a7528047e68b4f424523a0981a3a084"

[[package]]
name = "nb"
version = "0.1.3"
source = "registry+https://github.com/rust-lang/crates.io-index"
checksum = "801d31da0513b6ec5214e9bf433a77966320625a37860f910be265be6e18d06f"
dependencies = [
 "nb 1.1.0",
]

[[package]]
name = "nb"
version = "1.1.0"
source = "registry+https://github.com/rust-lang/crates.io-index"
checksum = "8d5439c4ad607c3c23abf66de8c8bf57ba8adcd1f129e699851a6e43935d339d"

[[package]]
name = "nu-ansi-term"
version = "0.46.0"
source = "registry+https://github.com/rust-lang/crates.io-index"
checksum = "77a8165726e8236064dbb45459242600304b42a5ea24ee2948e18e023bf7ba84"
dependencies = [
 "overload",
 "winapi",
]

[[package]]
name = "num-conv"
version = "0.1.0"
source = "registry+https://github.com/rust-lang/crates.io-index"
checksum = "51d515d32fb182ee37cda2ccdcb92950d6a3c2893aa280e540671c2cd0f3b1d9"

[[package]]
name = "num-traits"
version = "0.2.19"
source = "registry+https://github.com/rust-lang/crates.io-index"
checksum = "071dfc062690e90b734c0b2273ce72ad0ffa95f0c74596bc250dcfd960262841"
dependencies = [
 "autocfg",
]

[[package]]
name = "once_cell"
version = "1.21.3"
source = "registry+https://github.com/rust-lang/crates.io-index"
checksum = "42f5e15c9953c5e4ccceeb2e7382a716482c34515315f7b03532b8b4e8393d2d"

[[package]]
name = "otomo-rs"
version = "0.2.0"
dependencies = [
 "alloc-cortex-m",
 "cortex-m",
 "cortex-m-rt",
 "defmt 0.3.100",
 "defmt-rtt 0.4.2",
 "embedded-hal 1.0.0",
 "embedded-hal-async",
 "fugit",
 "heapless 0.9.1",
 "kiss_encoding",
 "log",
 "num-traits",
 "otomo_hardware",
 "panic-halt",
 "panic-probe",
 "prost",
 "prost-build",
 "prost-types",
 "rtic",
 "rtic-monotonics",
 "rtic-sync",
 "stm32f4xx-hal",
 "usb-device",
]

[[package]]
name = "otomo_hardware"
version = "0.1.0"
dependencies = [
 "alloc-cortex-m",
 "cortex-m",
 "cortex-m-rt",
 "cortex-m-semihosting",
 "defmt 0.3.100",
 "defmt-rtt 0.3.1",
 "embedded-hal 0.2.7",
 "embedded-hal 1.0.0",
 "fugit",
 "num-traits",
 "panic-halt",
 "panic-probe",
 "stm32f4xx-hal",
 "systick-monotonic",
 "usb-device",
 "usbd-serial",
]

[[package]]
name = "overload"
version = "0.1.1"
source = "registry+https://github.com/rust-lang/crates.io-index"
checksum = "b15813163c1d831bf4a13c3610c05c0d03b39feb07f7e09fa234dac9b15aaf39"

[[package]]
name = "panic-halt"
version = "0.2.0"
source = "registry+https://github.com/rust-lang/crates.io-index"
checksum = "de96540e0ebde571dc55c73d60ef407c653844e6f9a1e2fdbd40c07b9252d812"

[[package]]
name = "panic-probe"
version = "0.3.2"
source = "registry+https://github.com/rust-lang/crates.io-index"
checksum = "4047d9235d1423d66cc97da7d07eddb54d4f154d6c13805c6d0793956f4f25b0"
dependencies = [
 "cortex-m",
 "defmt 0.3.100",
]

[[package]]
name = "petgraph"
version = "0.7.1"
source = "registry+https://github.com/rust-lang/crates.io-index"
checksum = "3672b37090dbd86368a4145bc067582552b29c27377cad4e0a306c97f9bd7772"
dependencies = [
 "fixedbitset",
 "indexmap",
]

[[package]]
name = "pin-project-lite"
version = "0.2.16"
source = "registry+https://github.com/rust-lang/crates.io-index"
checksum = "3b3cff922bd51709b605d9ead9aa71031d81447142d828eb4a6eba76fe619f9b"

[[package]]
name = "pin-utils"
version = "0.1.0"
source = "registry+https://github.com/rust-lang/crates.io-index"
checksum = "8b870d8c151b6f2fb93e84a13146138f05d02ed11c7e7c54f8826aaaf7c9f184"

[[package]]
name = "portable-atomic"
version = "1.11.1"
source = "registry+https://github.com/rust-lang/crates.io-index"
checksum = "f84267b20a16ea918e43c6a88433c2d54fa145c92a811b5b047ccbe153674483"

[[package]]
name = "powerfmt"
version = "0.2.0"
source = "registry+https://github.com/rust-lang/crates.io-index"
checksum = "439ee305def115ba05938db6eb1644ff94165c5ab5e9420d1c1bcedbba909391"

[[package]]
name = "prettyplease"
version = "0.2.37"
source = "registry+https://github.com/rust-lang/crates.io-index"
checksum = "479ca8adacdd7ce8f1fb39ce9ecccbfe93a3f1344b3d0d97f20bc0196208f62b"
dependencies = [
 "proc-macro2",
 "syn",
]

[[package]]
name = "proc-macro-error-attr2"
version = "2.0.0"
source = "registry+https://github.com/rust-lang/crates.io-index"
checksum = "96de42df36bb9bba5542fe9f1a054b8cc87e172759a1868aa05c1f3acc89dfc5"
dependencies = [
 "proc-macro2",
 "quote",
]

[[package]]
name = "proc-macro-error2"
version = "2.0.1"
source = "registry+https://github.com/rust-lang/crates.io-index"
checksum = "11ec05c52be0a07b08061f7dd003e7d7092e0472bc731b4af7bb1ef876109802"
dependencies = [
 "proc-macro-error-attr2",
 "proc-macro2",
 "quote",
 "syn",
]

[[package]]
name = "proc-macro2"
version = "1.0.101"
source = "registry+https://github.com/rust-lang/crates.io-index"
checksum = "89ae43fd86e4158d6db51ad8e2b80f313af9cc74f5c0e03ccb87de09998732de"
dependencies = [
 "unicode-ident",
]

[[package]]
name = "prost"
version = "0.14.1"
source = "registry+https://github.com/rust-lang/crates.io-index"
checksum = "7231bd9b3d3d33c86b58adbac74b5ec0ad9f496b19d22801d773636feaa95f3d"
dependencies = [
 "bytes",
 "prost-derive",
]

[[package]]
name = "prost-build"
version = "0.14.1"
source = "registry+https://github.com/rust-lang/crates.io-index"
checksum = "ac6c3320f9abac597dcbc668774ef006702672474aad53c6d596b62e487b40b1"
dependencies = [
 "heck",
 "itertools",
 "log",
 "multimap",
 "once_cell",
 "petgraph",
 "prettyplease",
 "prost",
 "prost-types",
 "regex",
 "syn",
 "tempfile",
]

[[package]]
name = "prost-derive"
version = "0.14.1"
source = "registry+https://github.com/rust-lang/crates.io-index"
checksum = "9120690fafc389a67ba3803df527d0ec9cbbc9cc45e4cc20b332996dfb672425"
dependencies = [
 "anyhow",
 "itertools",
 "proc-macro2",
 "quote",
 "syn",
]

[[package]]
name = "prost-types"
version = "0.14.1"
source = "registry+https://github.com/rust-lang/crates.io-index"
checksum = "b9b4db3d6da204ed77bb26ba83b6122a73aeb2e87e25fbf7ad2e84c4ccbf8f72"
dependencies = [
 "prost",
]

[[package]]
name = "quote"
version = "1.0.40"
source = "registry+https://github.com/rust-lang/crates.io-index"
checksum = "1885c039570dc00dcb4ff087a89e185fd56bae234ddc7f056a945bf36467248d"
dependencies = [
 "proc-macro2",
]

[[package]]
name = "r-efi"
version = "5.3.0"
source = "registry+https://github.com/rust-lang/crates.io-index"
checksum = "69cdb34c158ceb288df11e18b4bd39de994f6657d83847bdffdbd7f346754b0f"

[[package]]
name = "rand_core"
version = "0.6.4"
source = "registry+https://github.com/rust-lang/crates.io-index"
checksum = "ec0be4795e2f6a28069bec0b5ff3e2ac9bafc99e6a9a7dc3547996c5c816922c"

[[package]]
name = "regex"
version = "1.11.2"
source = "registry+https://github.com/rust-lang/crates.io-index"
checksum = "23d7fd106d8c02486a8d64e778353d1cffe08ce79ac2e82f540c86d0facf6912"
dependencies = [
 "aho-corasick",
 "memchr",
 "regex-automata 0.4.10",
 "regex-syntax 0.8.6",
]

[[package]]
name = "regex-automata"
version = "0.1.10"
source = "registry+https://github.com/rust-lang/crates.io-index"
checksum = "6c230d73fb8d8c1b9c0b3135c5142a8acee3a0558fb8db5cf1cb65f8d7862132"
dependencies = [
 "regex-syntax 0.6.29",
]

[[package]]
name = "regex-automata"
version = "0.4.10"
source = "registry+https://github.com/rust-lang/crates.io-index"
checksum = "6b9458fa0bfeeac22b5ca447c63aaf45f28439a709ccd244698632f9aa6394d6"
dependencies = [
 "aho-corasick",
 "memchr",
 "regex-syntax 0.8.6",
]

[[package]]
name = "regex-syntax"
version = "0.6.29"
source = "registry+https://github.com/rust-lang/crates.io-index"
checksum = "f162c6dd7b008981e4d40210aca20b4bd0f9b60ca9271061b07f78537722f2e1"

[[package]]
name = "regex-syntax"
version = "0.8.6"
source = "registry+https://github.com/rust-lang/crates.io-index"
checksum = "caf4aa5b0f434c91fe5c7f1ecb6a5ece2130b02ad2a590589dda5146df959001"

[[package]]
name = "rtic"
version = "2.2.0"
source = "registry+https://github.com/rust-lang/crates.io-index"
checksum = "6bc68b1fa2eefbb7ad6747b299b79c8fca92163dfa46f0e279f39109cf272186"
dependencies = [
 "bare-metal 1.0.0",
 "cortex-m",
 "critical-section",
 "portable-atomic",
 "rtic-core",
 "rtic-macros",
]

[[package]]
name = "rtic-common"
version = "1.1.0"
source = "registry+https://github.com/rust-lang/crates.io-index"
checksum = "67caeecca87cb20e1101eb104b0f05604633b7ab1035cce777417c6fb7c8f9a0"
dependencies = [
 "critical-section",
 "portable-atomic",
]

[[package]]
name = "rtic-core"
version = "1.0.0"
source = "registry+https://github.com/rust-lang/crates.io-index"
checksum = "d9369355b04d06a3780ec0f51ea2d225624db777acbc60abd8ca4832da5c1a42"

[[package]]
name = "rtic-macros"
version = "2.2.0"
source = "registry+https://github.com/rust-lang/crates.io-index"
checksum = "f387b12bd6c01d2c9d4776dddeefaf0ae51b9497c83c0186b1693f6821ff3c4a"
dependencies = [
 "indexmap",
 "proc-macro-error2",
 "proc-macro2",
 "quote",
 "syn",
]

[[package]]
name = "rtic-monotonic"
version = "1.0.0"
source = "registry+https://github.com/rust-lang/crates.io-index"
checksum = "fb8b0b822d1a366470b9cea83a1d4e788392db763539dc4ba022bcc787fece82"

[[package]]
name = "rtic-monotonics"
version = "2.1.0"
source = "registry+https://github.com/rust-lang/crates.io-index"
checksum = "99f9923ce32637ee40c0cb28fbbc2fad880d8aebea2d545918c6971ae9be3d17"
dependencies = [
 "cfg-if",
 "cortex-m",
 "fugit",
 "portable-atomic",
 "proc-macro2",
 "quote",
 "rtic-time",
 "stm32-metapac",
]

[[package]]
name = "rtic-sync"
version = "1.4.0"
source = "registry+https://github.com/rust-lang/crates.io-index"
checksum = "d378d811a8e25411a139f1428804e390fb2dc9b5bcf84e880a19c25feaa89a2a"
dependencies = [
 "critical-section",
 "embedded-hal 1.0.0",
 "embedded-hal-async",
 "embedded-hal-bus",
 "heapless 0.8.0",
 "loom",
 "portable-atomic",
 "rtic-common",
]

[[package]]
name = "rtic-time"
version = "2.0.1"
source = "registry+https://github.com/rust-lang/crates.io-index"
checksum = "61485474f5a23247ae1d4875f2bfe860be9b3030dbf87c232e50799e021429a1"
dependencies = [
 "critical-section",
 "embedded-hal 1.0.0",
 "embedded-hal-async",
 "fugit",
 "futures-util",
 "rtic-common",
]

[[package]]
name = "rustc_version"
version = "0.2.3"
source = "registry+https://github.com/rust-lang/crates.io-index"
checksum = "138e3e0acb6c9fb258b19b67cb8abd63c00679d2851805ea151465464fe9030a"
dependencies = [
 "semver",
]

[[package]]
name = "rustix"
version = "1.0.8"
source = "registry+https://github.com/rust-lang/crates.io-index"
checksum = "11181fbabf243db407ef8df94a6ce0b2f9a733bd8be4ad02b4eda9602296cac8"
dependencies = [
 "bitflags 2.9.3",
 "errno",
 "libc",
 "linux-raw-sys",
 "windows-sys",
]

[[package]]
name = "rustversion"
version = "1.0.22"
source = "registry+https://github.com/rust-lang/crates.io-index"
checksum = "b39cdef0fa800fc44525c84ccb54a029961a8215f9619753635a9c0d2538d46d"

[[package]]
name = "scoped-tls"
version = "1.0.1"
source = "registry+https://github.com/rust-lang/crates.io-index"
checksum = "e1cf6437eb19a8f4a6cc0f7dca544973b0b78843adbfeb3683d1a94a0024a294"

[[package]]
name = "semver"
version = "0.9.0"
source = "registry+https://github.com/rust-lang/crates.io-index"
checksum = "1d7eb9ef2c18661902cc47e535f9bc51b78acd254da71d375c2f6720d9a40403"
dependencies = [
 "semver-parser",
]

[[package]]
name = "semver-parser"
version = "0.7.0"
source = "registry+https://github.com/rust-lang/crates.io-index"
checksum = "388a1df253eca08550bef6c72392cfe7c30914bf41df5269b68cbd6ff8f570a3"

[[package]]
name = "sharded-slab"
version = "0.1.7"
source = "registry+https://github.com/rust-lang/crates.io-index"
checksum = "f40ca3c46823713e0d4209592e8d6e826aa57e928f09752619fc696c499637f6"
dependencies = [
 "lazy_static",
]

[[package]]
name = "shlex"
version = "1.3.0"
source = "registry+https://github.com/rust-lang/crates.io-index"
checksum = "0fda2ff0d084019ba4d7c6f371c95d8fd75ce3524c3cb8fb653a3023f6323e64"

[[package]]
name = "smallvec"
version = "1.15.1"
source = "registry+https://github.com/rust-lang/crates.io-index"
checksum = "67b1b7a3b5fe4f1376887184045fcf45c69e92af734b7aaddc05fb777b6fbd03"

[[package]]
name = "stable_deref_trait"
version = "1.2.0"
source = "registry+https://github.com/rust-lang/crates.io-index"
checksum = "a8f112729512f8e442d81f95a8a7ddf2b7c6b8a1a6f509a95864142b30cab2d3"

[[package]]
name = "stm32-metapac"
version = "15.0.0"
source = "registry+https://github.com/rust-lang/crates.io-index"
checksum = "deabea56a8821dcea05d0109f3ab3135f31eb572444e5da203d06149c594c8c6"
dependencies = [
 "cortex-m",
]

[[package]]
name = "stm32f4"
version = "0.15.1"
source = "registry+https://github.com/rust-lang/crates.io-index"
checksum = "fb94729242cd1aebe6dab42a2ca0131985ae93bc3ab2751b680df724bb35528d"
dependencies = [
 "bare-metal 1.0.0",
 "cortex-m",
 "cortex-m-rt",
 "vcell",
]

[[package]]
name = "stm32f4xx-hal"
version = "0.21.0"
source = "registry+https://github.com/rust-lang/crates.io-index"
checksum = "ceed60591531f4da636d828701c74861a3d100e5c4e36677cadbd2eb6f46eb67"
dependencies = [
 "bare-metal 1.0.0",
 "cortex-m",
 "cortex-m-rt",
 "document-features",
 "embedded-dma",
 "embedded-hal 0.2.7",
 "embedded-hal 1.0.0",
 "embedded-hal-nb",
 "embedded-storage",
 "enumflags2",
 "fugit",
 "fugit-timer",
 "nb 1.1.0",
 "rand_core",
 "stm32f4",
 "synopsys-usb-otg",
 "time",
 "vcell",
 "void",
]

[[package]]
name = "syn"
version = "2.0.106"
source = "registry+https://github.com/rust-lang/crates.io-index"
checksum = "ede7c438028d4436d71104916910f5bb611972c5cfd7f89b8300a8186e6fada6"
dependencies = [
 "proc-macro2",
 "quote",
 "unicode-ident",
]

[[package]]
name = "synopsys-usb-otg"
version = "0.4.0"
source = "registry+https://github.com/rust-lang/crates.io-index"
checksum = "e948d523b316939545d8b21a48c27aef150ce25321b9f95ff7978647a806a6fe"
dependencies = [
 "cortex-m",
 "embedded-hal 0.2.7",
 "usb-device",
 "vcell",
]

[[package]]
name = "systick-monotonic"
version = "1.0.1"
source = "registry+https://github.com/rust-lang/crates.io-index"
checksum = "67fb822d5c615a0ae3a4795ee5b1d06381c7faf488d861c0a4fa8e6a88d5ff84"
dependencies = [
 "cortex-m",
 "fugit",
 "rtic-monotonic",
]

[[package]]
name = "tempfile"
version = "3.21.0"
source = "registry+https://github.com/rust-lang/crates.io-index"
checksum = "15b61f8f20e3a6f7e0649d825294eaf317edce30f82cf6026e7e4cb9222a7d1e"
dependencies = [
 "fastrand",
 "getrandom",
 "once_cell",
 "rustix",
 "windows-sys",
]

[[package]]
name = "thiserror"
version = "2.0.16"
source = "registry+https://github.com/rust-lang/crates.io-index"
checksum = "3467d614147380f2e4e374161426ff399c91084acd2363eaf549172b3d5e60c0"
dependencies = [
 "thiserror-impl",
]

[[package]]
name = "thiserror-impl"
version = "2.0.16"
source = "registry+https://github.com/rust-lang/crates.io-index"
checksum = "6c5e1be1c48b9172ee610da68fd9cd2770e7a4056cb3fc98710ee6906f0c7960"
dependencies = [
 "proc-macro2",
 "quote",
 "syn",
]

[[package]]
name = "thread_local"
version = "1.1.9"
source = "registry+https://github.com/rust-lang/crates.io-index"
checksum = "f60246a4944f24f6e018aa17cdeffb7818b76356965d03b07d6a9886e8962185"
dependencies = [
 "cfg-if",
]

[[package]]
name = "time"
version = "0.3.41"
source = "registry+https://github.com/rust-lang/crates.io-index"
checksum = "8a7619e19bc266e0f9c5e6686659d394bc57973859340060a69221e57dbc0c40"
dependencies = [
 "deranged",
 "num-conv",
 "powerfmt",
 "time-core",
]

[[package]]
name = "time-core"
version = "0.1.4"
source = "registry+https://github.com/rust-lang/crates.io-index"
checksum = "c9e9a38711f559d9e3ce1cdb06dd7c5b8ea546bc90052da6d06bb76da74bb07c"

[[package]]
name = "tracing"
version = "0.1.41"
source = "registry+https://github.com/rust-lang/crates.io-index"
checksum = "784e0ac535deb450455cbfa28a6f0df145ea1bb7ae51b821cf5e7927fdcfbdd0"
dependencies = [
 "pin-project-lite",
 "tracing-core",
]

[[package]]
name = "tracing-core"
version = "0.1.34"
source = "registry+https://github.com/rust-lang/crates.io-index"
checksum = "b9d12581f227e93f094d3af2ae690a574abb8a2b9b7a96e7cfe9647b2b617678"
dependencies = [
 "once_cell",
 "valuable",
]

[[package]]
name = "tracing-log"
version = "0.2.0"
source = "registry+https://github.com/rust-lang/crates.io-index"
checksum = "ee855f1f400bd0e5c02d150ae5de3840039a3f54b025156404e34c23c03f47c3"
dependencies = [
 "log",
 "once_cell",
 "tracing-core",
]

[[package]]
name = "tracing-subscriber"
version = "0.3.19"
source = "registry+https://github.com/rust-lang/crates.io-index"
checksum = "e8189decb5ac0fa7bc8b96b7cb9b2701d60d48805aca84a238004d665fcc4008"
dependencies = [
 "matchers",
 "nu-ansi-term",
 "once_cell",
 "regex",
 "sharded-slab",
 "smallvec",
 "thread_local",
 "tracing",
 "tracing-core",
 "tracing-log",
]

[[package]]
name = "unicode-ident"
version = "1.0.18"
source = "registry+https://github.com/rust-lang/crates.io-index"
checksum = "5a5f39404a5da50712a4c1eecf25e90dd62b613502b7e925fd4e4d19b5c96512"

[[package]]
name = "usb-device"
version = "0.3.2"
source = "registry+https://github.com/rust-lang/crates.io-index"
checksum = "98816b1accafbb09085168b90f27e93d790b4bfa19d883466b5e53315b5f06a6"
dependencies = [
 "heapless 0.8.0",
 "portable-atomic",
]

[[package]]
name = "usbd-serial"
version = "0.2.2"
source = "registry+https://github.com/rust-lang/crates.io-index"
checksum = "065e4eaf93db81d5adac82d9cef8f8da314cb640fa7f89534b972383f1cf80fc"
dependencies = [
 "embedded-hal 0.2.7",
 "embedded-io",
 "nb 1.1.0",
 "usb-device",
]

[[package]]
name = "valuable"
version = "0.1.1"
source = "registry+https://github.com/rust-lang/crates.io-index"
checksum = "ba73ea9cf16a25df0c8caa16c51acb937d5712a8429db78a3ee29d5dcacd3a65"

[[package]]
name = "vcell"
version = "0.1.3"
source = "registry+https://github.com/rust-lang/crates.io-index"
checksum = "77439c1b53d2303b20d9459b1ade71a83c716e3f9c34f3228c00e6f185d6c002"

[[package]]
name = "void"
version = "1.0.2"
source = "registry+https://github.com/rust-lang/crates.io-index"
checksum = "6a02e4885ed3bc0f2de90ea6dd45ebcbb66dacffe03547fadbb0eeae2770887d"

[[package]]
name = "volatile-register"
version = "0.2.2"
source = "registry+https://github.com/rust-lang/crates.io-index"
checksum = "de437e2a6208b014ab52972a27e59b33fa2920d3e00fe05026167a1c509d19cc"
dependencies = [
 "vcell",
]

[[package]]
name = "wasi"
version = "0.14.2+wasi-0.2.4"
source = "registry+https://github.com/rust-lang/crates.io-index"
checksum = "9683f9a5a998d873c0d21fcbe3c083009670149a8fab228644b8bd36b2c48cb3"
dependencies = [
 "wit-bindgen-rt",
]

[[package]]
name = "winapi"
version = "0.3.9"
source = "registry+https://github.com/rust-lang/crates.io-index"
checksum = "5c839a674fcd7a98952e593242ea400abe93992746761e38641405d28b00f419"
dependencies = [
 "winapi-i686-pc-windows-gnu",
 "winapi-x86_64-pc-windows-gnu",
]

[[package]]
name = "winapi-i686-pc-windows-gnu"
version = "0.4.0"
source = "registry+https://github.com/rust-lang/crates.io-index"
checksum = "ac3b87c63620426dd9b991e5ce0329eff545bccbbb34f3be09ff6fb6ab51b7b6"

[[package]]
name = "winapi-x86_64-pc-windows-gnu"
version = "0.4.0"
source = "registry+https://github.com/rust-lang/crates.io-index"
checksum = "712e227841d057c1ee1cd2fb22fa7e5a5461ae8e48fa2ca79ec42cfc1931183f"

[[package]]
name = "windows"
version = "0.61.3"
source = "registry+https://github.com/rust-lang/crates.io-index"
checksum = "9babd3a767a4c1aef6900409f85f5d53ce2544ccdfaa86dad48c91782c6d6893"
dependencies = [
 "windows-collections",
 "windows-core",
 "windows-future",
 "windows-link",
 "windows-numerics",
]

[[package]]
name = "windows-collections"
version = "0.2.0"
source = "registry+https://github.com/rust-lang/crates.io-index"
checksum = "3beeceb5e5cfd9eb1d76b381630e82c4241ccd0d27f1a39ed41b2760b255c5e8"
dependencies = [
 "windows-core",
]

[[package]]
name = "windows-core"
version = "0.61.2"
source = "registry+https://github.com/rust-lang/crates.io-index"
checksum = "c0fdd3ddb90610c7638aa2b3a3ab2904fb9e5cdbecc643ddb3647212781c4ae3"
dependencies = [
 "windows-implement",
 "windows-interface",
 "windows-link",
 "windows-result",
 "windows-strings",
]

[[package]]
name = "windows-future"
version = "0.2.1"
source = "registry+https://github.com/rust-lang/crates.io-index"
checksum = "fc6a41e98427b19fe4b73c550f060b59fa592d7d686537eebf9385621bfbad8e"
dependencies = [
 "windows-core",
 "windows-link",
 "windows-threading",
]

[[package]]
name = "windows-implement"
version = "0.60.0"
source = "registry+https://github.com/rust-lang/crates.io-index"
checksum = "a47fddd13af08290e67f4acabf4b459f647552718f683a7b415d290ac744a836"
dependencies = [
 "proc-macro2",
 "quote",
 "syn",
]

[[package]]
name = "windows-interface"
version = "0.59.1"
source = "registry+https://github.com/rust-lang/crates.io-index"
checksum = "bd9211b69f8dcdfa817bfd14bf1c97c9188afa36f4750130fcdf3f400eca9fa8"
dependencies = [
 "proc-macro2",
 "quote",
 "syn",
]

[[package]]
name = "windows-link"
version = "0.1.3"
source = "registry+https://github.com/rust-lang/crates.io-index"
checksum = "5e6ad25900d524eaabdbbb96d20b4311e1e7ae1699af4fb28c17ae66c80d798a"

[[package]]
name = "windows-numerics"
version = "0.2.0"
source = "registry+https://github.com/rust-lang/crates.io-index"
checksum = "9150af68066c4c5c07ddc0ce30421554771e528bde427614c61038bc2c92c2b1"
dependencies = [
 "windows-core",
 "windows-link",
]

[[package]]
name = "windows-result"
version = "0.3.4"
source = "registry+https://github.com/rust-lang/crates.io-index"
checksum = "56f42bd332cc6c8eac5af113fc0c1fd6a8fd2aa08a0119358686e5160d0586c6"
dependencies = [
 "windows-link",
]

[[package]]
name = "windows-strings"
version = "0.4.2"
source = "registry+https://github.com/rust-lang/crates.io-index"
checksum = "56e6c93f3a0c3b36176cb1327a4958a0353d5d166c2a35cb268ace15e91d3b57"
dependencies = [
 "windows-link",
]

[[package]]
name = "windows-sys"
version = "0.60.2"
source = "registry+https://github.com/rust-lang/crates.io-index"
checksum = "f2f500e4d28234f72040990ec9d39e3a6b950f9f22d3dba18416c35882612bcb"
dependencies = [
 "windows-targets",
]

[[package]]
name = "windows-targets"
version = "0.53.3"
source = "registry+https://github.com/rust-lang/crates.io-index"
checksum = "d5fe6031c4041849d7c496a8ded650796e7b6ecc19df1a431c1a363342e5dc91"
dependencies = [
 "windows-link",
 "windows_aarch64_gnullvm",
 "windows_aarch64_msvc",
 "windows_i686_gnu",
 "windows_i686_gnullvm",
 "windows_i686_msvc",
 "windows_x86_64_gnu",
 "windows_x86_64_gnullvm",
 "windows_x86_64_msvc",
]

[[package]]
name = "windows-threading"
version = "0.1.0"
source = "registry+https://github.com/rust-lang/crates.io-index"
checksum = "b66463ad2e0ea3bbf808b7f1d371311c80e115c0b71d60efc142cafbcfb057a6"
dependencies = [
 "windows-link",
]

[[package]]
name = "windows_aarch64_gnullvm"
version = "0.53.0"
source = "registry+https://github.com/rust-lang/crates.io-index"
checksum = "86b8d5f90ddd19cb4a147a5fa63ca848db3df085e25fee3cc10b39b6eebae764"

[[package]]
name = "windows_aarch64_msvc"
version = "0.53.0"
source = "registry+https://github.com/rust-lang/crates.io-index"
checksum = "c7651a1f62a11b8cbd5e0d42526e55f2c99886c77e007179efff86c2b137e66c"

[[package]]
name = "windows_i686_gnu"
version = "0.53.0"
source = "registry+https://github.com/rust-lang/crates.io-index"
checksum = "c1dc67659d35f387f5f6c479dc4e28f1d4bb90ddd1a5d3da2e5d97b42d6272c3"

[[package]]
name = "windows_i686_gnullvm"
version = "0.53.0"
source = "registry+https://github.com/rust-lang/crates.io-index"
checksum = "9ce6ccbdedbf6d6354471319e781c0dfef054c81fbc7cf83f338a4296c0cae11"

[[package]]
name = "windows_i686_msvc"
version = "0.53.0"
source = "registry+https://github.com/rust-lang/crates.io-index"
checksum = "581fee95406bb13382d2f65cd4a908ca7b1e4c2f1917f143ba16efe98a589b5d"

[[package]]
name = "windows_x86_64_gnu"
version = "0.53.0"
source = "registry+https://github.com/rust-lang/crates.io-index"
checksum = "2e55b5ac9ea33f2fc1716d1742db15574fd6fc8dadc51caab1c16a3d3b4190ba"

[[package]]
name = "windows_x86_64_gnullvm"
version = "0.53.0"
source = "registry+https://github.com/rust-lang/crates.io-index"
checksum = "0a6e035dd0599267ce1ee132e51c27dd29437f63325753051e71dd9e42406c57"

[[package]]
name = "windows_x86_64_msvc"
version = "0.53.0"
source = "registry+https://github.com/rust-lang/crates.io-index"
checksum = "271414315aff87387382ec3d271b52d7ae78726f5d44ac98b4f4030c91880486"

[[package]]
name = "wit-bindgen-rt"
version = "0.39.0"
source = "registry+https://github.com/rust-lang/crates.io-index"
checksum = "6f42320e61fe2cfd34354ecb597f86f413484a798ba44a8ca1165c58d42da6c1"
dependencies = [
 "bitflags 2.9.3",
]
